// !$*UTF8*$!
{
	archiveVersion = 1;
	classes = {
	};
	objectVersion = 56;
	objects = {

/* Begin PBXBuildFile section */
		75F5D31A2B1E702800A07127 /* Meditation_TimerApp.swift in Sources */ = {isa = PBXBuildFile; fileRef = 75F5D3192B1E702800A07127 /* Meditation_TimerApp.swift */; };
		75F5D31C2B1E702800A07127 /* ContentView.swift in Sources */ = {isa = PBXBuildFile; fileRef = 75F5D31B2B1E702800A07127 /* ContentView.swift */; };
		75F5D31E2B1E702A00A07127 /* Assets.xcassets in Resources */ = {isa = PBXBuildFile; fileRef = 75F5D31D2B1E702A00A07127 /* Assets.xcassets */; };
		75F5D3212B1E702A00A07127 /* Preview Assets.xcassets in Resources */ = {isa = PBXBuildFile; fileRef = 75F5D3202B1E702A00A07127 /* Preview Assets.xcassets */; };
		75F5D3282B1E73C600A07127 /* StartMeditation.swift in Sources */ = {isa = PBXBuildFile; fileRef = 75F5D3272B1E73C600A07127 /* StartMeditation.swift */; };
		75F5D32A2B1E757000A07127 /* ProgressTrackingModel.swift in Sources */ = {isa = PBXBuildFile; fileRef = 75F5D3292B1E757000A07127 /* ProgressTrackingModel.swift */; };
		75F5D32C2B1E75A300A07127 /* BarChartView.swift in Sources */ = {isa = PBXBuildFile; fileRef = 75F5D32B2B1E75A300A07127 /* BarChartView.swift */; };
		75F5D32F2B1E762A00A07127 /* DGCharts in Frameworks */ = {isa = PBXBuildFile; productRef = 75F5D32E2B1E762A00A07127 /* DGCharts */; };
		75F5D3312B1E762A00A07127 /* DGChartsDynamic in Frameworks */ = {isa = PBXBuildFile; productRef = 75F5D3302B1E762A00A07127 /* DGChartsDynamic */; };
		75F5D3332B1E775800A07127 /* AudioView.swift in Sources */ = {isa = PBXBuildFile; fileRef = 75F5D3322B1E775800A07127 /* AudioView.swift */; };
		75F5D3382B1E7A0000A07127 /* MeditationModel.xcdatamodeld in Sources */ = {isa = PBXBuildFile; fileRef = 75F5D3362B1E7A0000A07127 /* MeditationModel.xcdatamodeld */; };
		75F5D33A2B1E7B1D00A07127 /* CoreDataStack.swift in Sources */ = {isa = PBXBuildFile; fileRef = 75F5D3392B1E7B1D00A07127 /* CoreDataStack.swift */; };
		75F5D33D2B1E80C400A07127 /* SwiftUICharts in Frameworks */ = {isa = PBXBuildFile; productRef = 75F5D33C2B1E80C400A07127 /* SwiftUICharts */; };
		75F5D3402B1E83D000A07127 /* Audio.xcdatamodeld in Sources */ = {isa = PBXBuildFile; fileRef = 75F5D33E2B1E83D000A07127 /* Audio.xcdatamodeld */; };
		75F5D3422B1E84EB00A07127 /* PersistenceController.swift in Sources */ = {isa = PBXBuildFile; fileRef = 75F5D3412B1E84EB00A07127 /* PersistenceController.swift */; };
		75F5D3442B1E894B00A07127 /* AudioPlayer.swift in Sources */ = {isa = PBXBuildFile; fileRef = 75F5D3432B1E894B00A07127 /* AudioPlayer.swift */; };
		75F5D34C2B1EAB9200A07127 /* NotificationManager.swift in Sources */ = {isa = PBXBuildFile; fileRef = 75F5D34B2B1EAB9200A07127 /* NotificationManager.swift */; };
/* End PBXBuildFile section */

/* Begin PBXFileReference section */
		75F5D3162B1E702800A07127 /* Meditation_Timer.app */ = {isa = PBXFileReference; explicitFileType = wrapper.application; includeInIndex = 0; path = Meditation_Timer.app; sourceTree = BUILT_PRODUCTS_DIR; };
		75F5D3192B1E702800A07127 /* Meditation_TimerApp.swift */ = {isa = PBXFileReference; lastKnownFileType = sourcecode.swift; path = Meditation_TimerApp.swift; sourceTree = "<group>"; };
		75F5D31B2B1E702800A07127 /* ContentView.swift */ = {isa = PBXFileReference; lastKnownFileType = sourcecode.swift; path = ContentView.swift; sourceTree = "<group>"; };
		75F5D31D2B1E702A00A07127 /* Assets.xcassets */ = {isa = PBXFileReference; lastKnownFileType = folder.assetcatalog; path = Assets.xcassets; sourceTree = "<group>"; };
		75F5D3202B1E702A00A07127 /* Preview Assets.xcassets */ = {isa = PBXFileReference; lastKnownFileType = folder.assetcatalog; path = "Preview Assets.xcassets"; sourceTree = "<group>"; };
		75F5D3272B1E73C600A07127 /* StartMeditation.swift */ = {isa = PBXFileReference; lastKnownFileType = sourcecode.swift; path = StartMeditation.swift; sourceTree = "<group>"; };
		75F5D3292B1E757000A07127 /* ProgressTrackingModel.swift */ = {isa = PBXFileReference; lastKnownFileType = sourcecode.swift; path = ProgressTrackingModel.swift; sourceTree = "<group>"; };
		75F5D32B2B1E75A300A07127 /* BarChartView.swift */ = {isa = PBXFileReference; lastKnownFileType = sourcecode.swift; path = BarChartView.swift; sourceTree = "<group>"; };
		75F5D3322B1E775800A07127 /* AudioView.swift */ = {isa = PBXFileReference; lastKnownFileType = sourcecode.swift; path = AudioView.swift; sourceTree = "<group>"; };
		75F5D3372B1E7A0000A07127 /* MeditationModel.xcdatamodel */ = {isa = PBXFileReference; lastKnownFileType = wrapper.xcdatamodel; path = MeditationModel.xcdatamodel; sourceTree = "<group>"; };
		75F5D3392B1E7B1D00A07127 /* CoreDataStack.swift */ = {isa = PBXFileReference; lastKnownFileType = sourcecode.swift; path = CoreDataStack.swift; sourceTree = "<group>"; };
		75F5D33F2B1E83D000A07127 /* AudioItem.xcdatamodel */ = {isa = PBXFileReference; lastKnownFileType = wrapper.xcdatamodel; path = AudioItem.xcdatamodel; sourceTree = "<group>"; };
		75F5D3412B1E84EB00A07127 /* PersistenceController.swift */ = {isa = PBXFileReference; lastKnownFileType = sourcecode.swift; path = PersistenceController.swift; sourceTree = "<group>"; };
		75F5D3432B1E894B00A07127 /* AudioPlayer.swift */ = {isa = PBXFileReference; lastKnownFileType = sourcecode.swift; path = AudioPlayer.swift; sourceTree = "<group>"; };
		75F5D34B2B1EAB9200A07127 /* NotificationManager.swift */ = {isa = PBXFileReference; lastKnownFileType = sourcecode.swift; path = NotificationManager.swift; sourceTree = "<group>"; };
/* End PBXFileReference section */

/* Begin PBXFrameworksBuildPhase section */
		75F5D3132B1E702800A07127 /* Frameworks */ = {
			isa = PBXFrameworksBuildPhase;
			buildActionMask = 2147483647;
			files = (
				75F5D33D2B1E80C400A07127 /* SwiftUICharts in Frameworks */,
				75F5D3312B1E762A00A07127 /* DGChartsDynamic in Frameworks */,
				75F5D32F2B1E762A00A07127 /* DGCharts in Frameworks */,
			);
			runOnlyForDeploymentPostprocessing = 0;
		};
/* End PBXFrameworksBuildPhase section */

/* Begin PBXGroup section */
		75F5D30D2B1E702800A07127 = {
			isa = PBXGroup;
			children = (
				75F5D3182B1E702800A07127 /* Meditation_Timer */,
				75F5D3172B1E702800A07127 /* Products */,
			);
			sourceTree = "<group>";
		};
		75F5D3172B1E702800A07127 /* Products */ = {
			isa = PBXGroup;
			children = (
				75F5D3162B1E702800A07127 /* Meditation_Timer.app */,
			);
			name = Products;
			sourceTree = "<group>";
		};
		75F5D3182B1E702800A07127 /* Meditation_Timer */ = {
			isa = PBXGroup;
			children = (
				75F5D3192B1E702800A07127 /* Meditation_TimerApp.swift */,
				75F5D31B2B1E702800A07127 /* ContentView.swift */,
				75F5D31D2B1E702A00A07127 /* Assets.xcassets */,
				75F5D31F2B1E702A00A07127 /* Preview Content */,
				75F5D3272B1E73C600A07127 /* StartMeditation.swift */,
				75F5D3292B1E757000A07127 /* ProgressTrackingModel.swift */,
				75F5D32B2B1E75A300A07127 /* BarChartView.swift */,
				75F5D3322B1E775800A07127 /* AudioView.swift */,
				75F5D3362B1E7A0000A07127 /* MeditationModel.xcdatamodeld */,
				75F5D3392B1E7B1D00A07127 /* CoreDataStack.swift */,
				75F5D33E2B1E83D000A07127 /* Audio.xcdatamodeld */,
				75F5D3412B1E84EB00A07127 /* PersistenceController.swift */,
				75F5D3432B1E894B00A07127 /* AudioPlayer.swift */,
				75F5D34B2B1EAB9200A07127 /* NotificationManager.swift */,
			);
			path = Meditation_Timer;
			sourceTree = "<group>";
		};
		75F5D31F2B1E702A00A07127 /* Preview Content */ = {
			isa = PBXGroup;
			children = (
				75F5D3202B1E702A00A07127 /* Preview Assets.xcassets */,
			);
			path = "Preview Content";
			sourceTree = "<group>";
		};
/* End PBXGroup section */

/* Begin PBXNativeTarget section */
		75F5D3152B1E702800A07127 /* Meditation_Timer */ = {
			isa = PBXNativeTarget;
			buildConfigurationList = 75F5D3242B1E702A00A07127 /* Build configuration list for PBXNativeTarget "Meditation_Timer" */;
			buildPhases = (
				75F5D3122B1E702800A07127 /* Sources */,
				75F5D3132B1E702800A07127 /* Frameworks */,
				75F5D3142B1E702800A07127 /* Resources */,
			);
			buildRules = (
			);
			dependencies = (
			);
			name = Meditation_Timer;
			packageProductDependencies = (
				75F5D32E2B1E762A00A07127 /* DGCharts */,
				75F5D3302B1E762A00A07127 /* DGChartsDynamic */,
				75F5D33C2B1E80C400A07127 /* SwiftUICharts */,
			);
			productName = Meditation_Timer;
			productReference = 75F5D3162B1E702800A07127 /* Meditation_Timer.app */;
			productType = "com.apple.product-type.application";
		};
/* End PBXNativeTarget section */

/* Begin PBXProject section */
		75F5D30E2B1E702800A07127 /* Project object */ = {
			isa = PBXProject;
			attributes = {
				BuildIndependentTargetsInParallel = 1;
				LastSwiftUpdateCheck = 1500;
				LastUpgradeCheck = 1500;
				TargetAttributes = {
					75F5D3152B1E702800A07127 = {
						CreatedOnToolsVersion = 15.0.1;
					};
				};
			};
			buildConfigurationList = 75F5D3112B1E702800A07127 /* Build configuration list for PBXProject "Meditation_Timer" */;
			compatibilityVersion = "Xcode 14.0";
			developmentRegion = en;
			hasScannedForEncodings = 0;
			knownRegions = (
				en,
				Base,
			);
			mainGroup = 75F5D30D2B1E702800A07127;
			packageReferences = (
				75F5D32D2B1E762A00A07127 /* XCRemoteSwiftPackageReference "Charts" */,
				75F5D33B2B1E80C400A07127 /* XCRemoteSwiftPackageReference "ChartView" */,
			);
			productRefGroup = 75F5D3172B1E702800A07127 /* Products */;
			projectDirPath = "";
			projectRoot = "";
			targets = (
				75F5D3152B1E702800A07127 /* Meditation_Timer */,
			);
		};
/* End PBXProject section */

/* Begin PBXResourcesBuildPhase section */
		75F5D3142B1E702800A07127 /* Resources */ = {
			isa = PBXResourcesBuildPhase;
			buildActionMask = 2147483647;
			files = (
				75F5D3212B1E702A00A07127 /* Preview Assets.xcassets in Resources */,
				75F5D31E2B1E702A00A07127 /* Assets.xcassets in Resources */,
			);
			runOnlyForDeploymentPostprocessing = 0;
		};
/* End PBXResourcesBuildPhase section */

/* Begin PBXSourcesBuildPhase section */
		75F5D3122B1E702800A07127 /* Sources */ = {
			isa = PBXSourcesBuildPhase;
			buildActionMask = 2147483647;
			files = (
				75F5D3282B1E73C600A07127 /* StartMeditation.swift in Sources */,
				75F5D3332B1E775800A07127 /* AudioView.swift in Sources */,
				75F5D3442B1E894B00A07127 /* AudioPlayer.swift in Sources */,
				75F5D33A2B1E7B1D00A07127 /* CoreDataStack.swift in Sources */,
				75F5D3382B1E7A0000A07127 /* MeditationModel.xcdatamodeld in Sources */,
				75F5D31C2B1E702800A07127 /* ContentView.swift in Sources */,
				75F5D34C2B1EAB9200A07127 /* NotificationManager.swift in Sources */,
				75F5D32C2B1E75A300A07127 /* BarChartView.swift in Sources */,
				75F5D3402B1E83D000A07127 /* Audio.xcdatamodeld in Sources */,
				75F5D31A2B1E702800A07127 /* Meditation_TimerApp.swift in Sources */,
				75F5D32A2B1E757000A07127 /* ProgressTrackingModel.swift in Sources */,
				75F5D3422B1E84EB00A07127 /* PersistenceController.swift in Sources */,
			);
			runOnlyForDeploymentPostprocessing = 0;
		};
/* End PBXSourcesBuildPhase section */

/* Begin XCBuildConfiguration section */
		75F5D3222B1E702A00A07127 /* Debug */ = {
			isa = XCBuildConfiguration;
			buildSettings = {
				ALWAYS_SEARCH_USER_PATHS = NO;
				ASSETCATALOG_COMPILER_GENERATE_SWIFT_ASSET_SYMBOL_EXTENSIONS = YES;
				CLANG_ANALYZER_NONNULL = YES;
				CLANG_ANALYZER_NUMBER_OBJECT_CONVERSION = YES_AGGRESSIVE;
				CLANG_CXX_LANGUAGE_STANDARD = "gnu++20";
				CLANG_ENABLE_MODULES = YES;
				CLANG_ENABLE_OBJC_ARC = YES;
				CLANG_ENABLE_OBJC_WEAK = YES;
				CLANG_WARN_BLOCK_CAPTURE_AUTORELEASING = YES;
				CLANG_WARN_BOOL_CONVERSION = YES;
				CLANG_WARN_COMMA = YES;
				CLANG_WARN_CONSTANT_CONVERSION = YES;
				CLANG_WARN_DEPRECATED_OBJC_IMPLEMENTATIONS = YES;
				CLANG_WARN_DIRECT_OBJC_ISA_USAGE = YES_ERROR;
				CLANG_WARN_DOCUMENTATION_COMMENTS = YES;
				CLANG_WARN_EMPTY_BODY = YES;
				CLANG_WARN_ENUM_CONVERSION = YES;
				CLANG_WARN_INFINITE_RECURSION = YES;
				CLANG_WARN_INT_CONVERSION = YES;
				CLANG_WARN_NON_LITERAL_NULL_CONVERSION = YES;
				CLANG_WARN_OBJC_IMPLICIT_RETAIN_SELF = YES;
				CLANG_WARN_OBJC_LITERAL_CONVERSION = YES;
				CLANG_WARN_OBJC_ROOT_CLASS = YES_ERROR;
				CLANG_WARN_QUOTED_INCLUDE_IN_FRAMEWORK_HEADER = YES;
				CLANG_WARN_RANGE_LOOP_ANALYSIS = YES;
				CLANG_WARN_STRICT_PROTOTYPES = YES;
				CLANG_WARN_SUSPICIOUS_MOVE = YES;
				CLANG_WARN_UNGUARDED_AVAILABILITY = YES_AGGRESSIVE;
				CLANG_WARN_UNREACHABLE_CODE = YES;
				CLANG_WARN__DUPLICATE_METHOD_MATCH = YES;
				COPY_PHASE_STRIP = NO;
				DEBUG_INFORMATION_FORMAT = dwarf;
				ENABLE_STRICT_OBJC_MSGSEND = YES;
				ENABLE_TESTABILITY = YES;
				ENABLE_USER_SCRIPT_SANDBOXING = YES;
				GCC_C_LANGUAGE_STANDARD = gnu17;
				GCC_DYNAMIC_NO_PIC = NO;
				GCC_NO_COMMON_BLOCKS = YES;
				GCC_OPTIMIZATION_LEVEL = 0;
				GCC_PREPROCESSOR_DEFINITIONS = (
					"DEBUG=1",
					"$(inherited)",
				);
				GCC_WARN_64_TO_32_BIT_CONVERSION = YES;
				GCC_WARN_ABOUT_RETURN_TYPE = YES_ERROR;
				GCC_WARN_UNDECLARED_SELECTOR = YES;
				GCC_WARN_UNINITIALIZED_AUTOS = YES_AGGRESSIVE;
				GCC_WARN_UNUSED_FUNCTION = YES;
				GCC_WARN_UNUSED_VARIABLE = YES;
				IPHONEOS_DEPLOYMENT_TARGET = 16.1;
				LOCALIZATION_PREFERS_STRING_CATALOGS = YES;
				MTL_ENABLE_DEBUG_INFO = INCLUDE_SOURCE;
				MTL_FAST_MATH = YES;
				ONLY_ACTIVE_ARCH = YES;
				SDKROOT = iphoneos;
				SWIFT_ACTIVE_COMPILATION_CONDITIONS = "DEBUG $(inherited)";
				SWIFT_OPTIMIZATION_LEVEL = "-Onone";
			};
			name = Debug;
		};
		75F5D3232B1E702A00A07127 /* Release */ = {
			isa = XCBuildConfiguration;
			buildSettings = {
				ALWAYS_SEARCH_USER_PATHS = NO;
				ASSETCATALOG_COMPILER_GENERATE_SWIFT_ASSET_SYMBOL_EXTENSIONS = YES;
				CLANG_ANALYZER_NONNULL = YES;
				CLANG_ANALYZER_NUMBER_OBJECT_CONVERSION = YES_AGGRESSIVE;
				CLANG_CXX_LANGUAGE_STANDARD = "gnu++20";
				CLANG_ENABLE_MODULES = YES;
				CLANG_ENABLE_OBJC_ARC = YES;
				CLANG_ENABLE_OBJC_WEAK = YES;
				CLANG_WARN_BLOCK_CAPTURE_AUTORELEASING = YES;
				CLANG_WARN_BOOL_CONVERSION = YES;
				CLANG_WARN_COMMA = YES;
				CLANG_WARN_CONSTANT_CONVERSION = YES;
				CLANG_WARN_DEPRECATED_OBJC_IMPLEMENTATIONS = YES;
				CLANG_WARN_DIRECT_OBJC_ISA_USAGE = YES_ERROR;
				CLANG_WARN_DOCUMENTATION_COMMENTS = YES;
				CLANG_WARN_EMPTY_BODY = YES;
				CLANG_WARN_ENUM_CONVERSION = YES;
				CLANG_WARN_INFINITE_RECURSION = YES;
				CLANG_WARN_INT_CONVERSION = YES;
				CLANG_WARN_NON_LITERAL_NULL_CONVERSION = YES;
				CLANG_WARN_OBJC_IMPLICIT_RETAIN_SELF = YES;
				CLANG_WARN_OBJC_LITERAL_CONVERSION = YES;
				CLANG_WARN_OBJC_ROOT_CLASS = YES_ERROR;
				CLANG_WARN_QUOTED_INCLUDE_IN_FRAMEWORK_HEADER = YES;
				CLANG_WARN_RANGE_LOOP_ANALYSIS = YES;
				CLANG_WARN_STRICT_PROTOTYPES = YES;
				CLANG_WARN_SUSPICIOUS_MOVE = YES;
				CLANG_WARN_UNGUARDED_AVAILABILITY = YES_AGGRESSIVE;
				CLANG_WARN_UNREACHABLE_CODE = YES;
				CLANG_WARN__DUPLICATE_METHOD_MATCH = YES;
				COPY_PHASE_STRIP = NO;
				DEBUG_INFORMATION_FORMAT = "dwarf-with-dsym";
				ENABLE_NS_ASSERTIONS = NO;
				ENABLE_STRICT_OBJC_MSGSEND = YES;
				ENABLE_USER_SCRIPT_SANDBOXING = YES;
				GCC_C_LANGUAGE_STANDARD = gnu17;
				GCC_NO_COMMON_BLOCKS = YES;
				GCC_WARN_64_TO_32_BIT_CONVERSION = YES;
				GCC_WARN_ABOUT_RETURN_TYPE = YES_ERROR;
				GCC_WARN_UNDECLARED_SELECTOR = YES;
				GCC_WARN_UNINITIALIZED_AUTOS = YES_AGGRESSIVE;
				GCC_WARN_UNUSED_FUNCTION = YES;
				GCC_WARN_UNUSED_VARIABLE = YES;
				IPHONEOS_DEPLOYMENT_TARGET = 16.1;
				LOCALIZATION_PREFERS_STRING_CATALOGS = YES;
				MTL_ENABLE_DEBUG_INFO = NO;
				MTL_FAST_MATH = YES;
				SDKROOT = iphoneos;
				SWIFT_COMPILATION_MODE = wholemodule;
				VALIDATE_PRODUCT = YES;
			};
			name = Release;
		};
		75F5D3252B1E702A00A07127 /* Debug */ = {
			isa = XCBuildConfiguration;
			buildSettings = {
				ASSETCATALOG_COMPILER_APPICON_NAME = AppIcon;
				ASSETCATALOG_COMPILER_GLOBAL_ACCENT_COLOR_NAME = AccentColor;
				CODE_SIGN_IDENTITY = "Apple Development";
				CODE_SIGN_STYLE = Automatic;
				CURRENT_PROJECT_VERSION = 1;
				DEVELOPMENT_ASSET_PATHS = "\"Meditation_Timer/Preview Content\"";
				DEVELOPMENT_TEAM = CN8PQRK838;
				ENABLE_PREVIEWS = YES;
				GENERATE_INFOPLIST_FILE = YES;
				INFOPLIST_KEY_UIApplicationSceneManifest_Generation = YES;
				INFOPLIST_KEY_UIApplicationSupportsIndirectInputEvents = YES;
				INFOPLIST_KEY_UILaunchScreen_Generation = YES;
				INFOPLIST_KEY_UISupportedInterfaceOrientations_iPad = "UIInterfaceOrientationPortrait UIInterfaceOrientationPortraitUpsideDown UIInterfaceOrientationLandscapeLeft UIInterfaceOrientationLandscapeRight";
				INFOPLIST_KEY_UISupportedInterfaceOrientations_iPhone = "UIInterfaceOrientationPortrait UIInterfaceOrientationLandscapeLeft UIInterfaceOrientationLandscapeRight";
				LD_RUNPATH_SEARCH_PATHS = (
					"$(inherited)",
					"@executable_path/Frameworks",
				);
				MARKETING_VERSION = 1.0;
				PRODUCT_BUNDLE_IDENTIFIER = "com.gerogiancollege.Anuj.Chaudhari.Meditation-Timer";
				PRODUCT_NAME = "$(TARGET_NAME)";
				PROVISIONING_PROFILE_SPECIFIER = "";
				SWIFT_EMIT_LOC_STRINGS = YES;
				SWIFT_VERSION = 5.0;
				TARGETED_DEVICE_FAMILY = "1,2";
			};
			name = Debug;
		};
		75F5D3262B1E702A00A07127 /* Release */ = {
			isa = XCBuildConfiguration;
			buildSettings = {
				ASSETCATALOG_COMPILER_APPICON_NAME = AppIcon;
				ASSETCATALOG_COMPILER_GLOBAL_ACCENT_COLOR_NAME = AccentColor;
				CODE_SIGN_IDENTITY = "Apple Development";
				CODE_SIGN_STYLE = Automatic;
				CURRENT_PROJECT_VERSION = 1;
				DEVELOPMENT_ASSET_PATHS = "\"Meditation_Timer/Preview Content\"";
				DEVELOPMENT_TEAM = CN8PQRK838;
				ENABLE_PREVIEWS = YES;
				GENERATE_INFOPLIST_FILE = YES;
				INFOPLIST_KEY_UIApplicationSceneManifest_Generation = YES;
				INFOPLIST_KEY_UIApplicationSupportsIndirectInputEvents = YES;
				INFOPLIST_KEY_UILaunchScreen_Generation = YES;
				INFOPLIST_KEY_UISupportedInterfaceOrientations_iPad = "UIInterfaceOrientationPortrait UIInterfaceOrientationPortraitUpsideDown UIInterfaceOrientationLandscapeLeft UIInterfaceOrientationLandscapeRight";
				INFOPLIST_KEY_UISupportedInterfaceOrientations_iPhone = "UIInterfaceOrientationPortrait UIInterfaceOrientationLandscapeLeft UIInterfaceOrientationLandscapeRight";
				LD_RUNPATH_SEARCH_PATHS = (
					"$(inherited)",
					"@executable_path/Frameworks",
				);
				MARKETING_VERSION = 1.0;
				PRODUCT_BUNDLE_IDENTIFIER = "com.gerogiancollege.Anuj.Chaudhari.Meditation-Timer";
				PRODUCT_NAME = "$(TARGET_NAME)";
				PROVISIONING_PROFILE_SPECIFIER = "";
				SWIFT_EMIT_LOC_STRINGS = YES;
				SWIFT_VERSION = 5.0;
				TARGETED_DEVICE_FAMILY = "1,2";
			};
			name = Release;
		};
/* End XCBuildConfiguration section */

/* Begin XCConfigurationList section */
		75F5D3112B1E702800A07127 /* Build configuration list for PBXProject "Meditation_Timer" */ = {
			isa = XCConfigurationList;
			buildConfigurations = (
				75F5D3222B1E702A00A07127 /* Debug */,
				75F5D3232B1E702A00A07127 /* Release */,
			);
			defaultConfigurationIsVisible = 0;
			defaultConfigurationName = Release;
		};
		75F5D3242B1E702A00A07127 /* Build configuration list for PBXNativeTarget "Meditation_Timer" */ = {
			isa = XCConfigurationList;
			buildConfigurations = (
				75F5D3252B1E702A00A07127 /* Debug */,
				75F5D3262B1E702A00A07127 /* Release */,
			);
			defaultConfigurationIsVisible = 0;
			defaultConfigurationName = Release;
		};
/* End XCConfigurationList section */

/* Begin XCRemoteSwiftPackageReference section */
		75F5D32D2B1E762A00A07127 /* XCRemoteSwiftPackageReference "Charts" */ = {
			isa = XCRemoteSwiftPackageReference;
			repositoryURL = "https://github.com/danielgindi/Charts.git";
			requirement = {
				kind = upToNextMajorVersion;
				minimumVersion = 5.0.0;
			};
		};
		75F5D33B2B1E80C400A07127 /* XCRemoteSwiftPackageReference "ChartView" */ = {
			isa = XCRemoteSwiftPackageReference;
			repositoryURL = "https://github.com/AppPear/ChartView";
			requirement = {
				kind = upToNextMajorVersion;
				minimumVersion = 1.5.5;
			};
		};
/* End XCRemoteSwiftPackageReference section */

/* Begin XCSwiftPackageProductDependency section */
		75F5D32E2B1E762A00A07127 /* DGCharts */ = {
			isa = XCSwiftPackageProductDependency;
			package = 75F5D32D2B1E762A00A07127 /* XCRemoteSwiftPackageReference "Charts" */;
			productName = DGCharts;
		};
		75F5D3302B1E762A00A07127 /* DGChartsDynamic */ = {
			isa = XCSwiftPackageProductDependency;
			package = 75F5D32D2B1E762A00A07127 /* XCRemoteSwiftPackageReference "Charts" */;
			productName = DGChartsDynamic;
		};
		75F5D33C2B1E80C400A07127 /* SwiftUICharts */ = {
			isa = XCSwiftPackageProductDependency;
			package = 75F5D33B2B1E80C400A07127 /* XCRemoteSwiftPackageReference "ChartView" */;
			productName = SwiftUICharts;
		};
/* End XCSwiftPackageProductDependency section */

/* Begin XCVersionGroup section */
		75F5D3362B1E7A0000A07127 /* MeditationModel.xcdatamodeld */ = {
			isa = XCVersionGroup;
			children = (
				75F5D3372B1E7A0000A07127 /* MeditationModel.xcdatamodel */,
			);
			currentVersion = 75F5D3372B1E7A0000A07127 /* MeditationModel.xcdatamodel */;
			path = MeditationModel.xcdatamodeld;
			sourceTree = "<group>";
			versionGroupType = wrapper.xcdatamodel;
		};
		75F5D33E2B1E83D000A07127 /* Audio.xcdatamodeld */ = {
			isa = XCVersionGroup;
			children = (
				75F5D33F2B1E83D000A07127 /* AudioItem.xcdatamodel */,
			);
			currentVersion = 75F5D33F2B1E83D000A07127 /* AudioItem.xcdatamodel */;
			path = Audio.xcdatamodeld;
			sourceTree = "<group>";
			versionGroupType = wrapper.xcdatamodel;
		};
/* End XCVersionGroup section */
	};
	rootObject = 75F5D30E2B1E702800A07127 /* Project object */;
}
